
Microsoft Visual Studio Solution File, Format Version 12.00
# Visual Studio Version 17
VisualStudioVersion = 17.0.32014.148
MinimumVisualStudioVersion = 10.0.40219.1
Project("{9A19103F-16F7-4668-BE54-9A1E7A4F7556}") = "SharpQoi", "SharpQoi\SharpQoi.csproj", "{3CC66359-9E03-461B-B00E-19E0A5629D50}"
EndProject
Project("{9A19103F-16F7-4668-BE54-9A1E7A4F7556}") = "Benchmarks", "Benchmarks\Benchmarks.csproj", "{A2F774F7-4E65-46D2-803F-3E7E06E54DF8}"
EndProject
Project("{9A19103F-16F7-4668-BE54-9A1E7A4F7556}") = "PizzaQoi", "PizzaQoi\PizzaQoi.csproj", "{54F88F15-CCAF-4CF8-B8BC-6B5AAE930752}"
EndProject
Global
	GlobalSection(SolutionConfigurationPlatforms) = preSolution
		Debug|Any CPU = Debug|Any CPU
		Release|Any CPU = Release|Any CPU
	EndGlobalSection
	GlobalSection(ProjectConfigurationPlatforms) = postSolution
		{3CC66359-9E03-461B-B00E-19E0A5629D50}.Debug|Any CPU.ActiveCfg = Debug|Any CPU
		{3CC66359-9E03-461B-B00E-19E0A5629D50}.Debug|Any CPU.Build.0 = Debug|Any CPU
		{3CC66359-9E03-461B-B00E-19E0A5629D50}.Release|Any CPU.ActiveCfg = Release|Any CPU
		{3CC66359-9E03-461B-B00E-19E0A5629D50}.Release|Any CPU.Build.0 = Release|Any CPU
		{A2F774F7-4E65-46D2-803F-3E7E06E54DF8}.Debug|Any CPU.ActiveCfg = Debug|Any CPU
		{A2F774F7-4E65-46D2-803F-3E7E06E54DF8}.Debug|Any CPU.Build.0 = Debug|Any CPU
		{A2F774F7-4E65-46D2-803F-3E7E06E54DF8}.Release|Any CPU.ActiveCfg = Release|Any CPU
		{A2F774F7-4E65-46D2-803F-3E7E06E54DF8}.Release|Any CPU.Build.0 = Release|Any CPU
		{54F88F15-CCAF-4CF8-B8BC-6B5AAE930752}.Debug|Any CPU.ActiveCfg = Debug|Any CPU
		{54F88F15-CCAF-4CF8-B8BC-6B5AAE930752}.Debug|Any CPU.Build.0 = Debug|Any CPU
		{54F88F15-CCAF-4CF8-B8BC-6B5AAE930752}.Release|Any CPU.ActiveCfg = Release|Any CPU
		{54F88F15-CCAF-4CF8-B8BC-6B5AAE930752}.Release|Any CPU.Build.0 = Release|Any CPU
	EndGlobalSection
	GlobalSection(SolutionProperties) = preSolution
		HideSolutionNode = FALSE
	EndGlobalSection
	GlobalSection(ExtensibilityGlobals) = postSolution
		SolutionGuid = {644EB797-3061-47F0-AE15-91121F33B084}
	EndGlobalSection
EndGlobal
